// !$*UTF8*$!
{
	archiveVersion = 1;
	classes = {
	};
	objectVersion = 56;
	objects = {

/* Begin PBXBuildFile section */
		015639372C3D115500A9B0CD /* ProfileEditor.swift in Sources */ = {isa = PBXBuildFile; fileRef = 015639362C3D115500A9B0CD /* ProfileEditor.swift */; };
		0156393A2C3DC1D200A9B0CD /* PageViewController.swift in Sources */ = {isa = PBXBuildFile; fileRef = 015639392C3DC1D200A9B0CD /* PageViewController.swift */; };
		0156393C2C3DF3E300A9B0CD /* FeatureCard.swift in Sources */ = {isa = PBXBuildFile; fileRef = 0156393B2C3DF3E300A9B0CD /* FeatureCard.swift */; };
		0156393E2C3DF4D600A9B0CD /* TextOverlay.swift in Sources */ = {isa = PBXBuildFile; fileRef = 0156393D2C3DF4D600A9B0CD /* TextOverlay.swift */; };
		015639402C3DF69800A9B0CD /* PageView.swift in Sources */ = {isa = PBXBuildFile; fileRef = 0156393F2C3DF69800A9B0CD /* PageView.swift */; };
		015639422C3E4A9900A9B0CD /* PageControl.swift in Sources */ = {isa = PBXBuildFile; fileRef = 015639412C3E4A9900A9B0CD /* PageControl.swift */; };
		015639682C3E54A500A9B0CD /* ContentView.swift in Sources */ = {isa = PBXBuildFile; fileRef = 015639672C3E54A500A9B0CD /* ContentView.swift */; };
		0156396A2C3E54A600A9B0CD /* Assets.xcassets in Resources */ = {isa = PBXBuildFile; fileRef = 015639692C3E54A600A9B0CD /* Assets.xcassets */; };
		0156396D2C3E54A600A9B0CD /* Preview Assets.xcassets in Resources */ = {isa = PBXBuildFile; fileRef = 0156396C2C3E54A600A9B0CD /* Preview Assets.xcassets */; };
		015639702C3E54A600A9B0CD /* WatchLandmarks Watch App.app in Embed Watch Content */ = {isa = PBXBuildFile; fileRef = 015639632C3E54A400A9B0CD /* WatchLandmarks Watch App.app */; settings = {ATTRIBUTES = (RemoveHeadersOnCopy, ); }; };
		015639752C3E57A200A9B0CD /* hikeData.json in Resources */ = {isa = PBXBuildFile; fileRef = 01BE35902C32867200EF5933 /* hikeData.json */; };
		015639762C3E57A200A9B0CD /* Assets.xcassets in Resources */ = {isa = PBXBuildFile; fileRef = 01BE35642C30A34800EF5933 /* Assets.xcassets */; };
		015639772C3E57A200A9B0CD /* landmarkData.json in Resources */ = {isa = PBXBuildFile; fileRef = 01BE35722C310D9600EF5933 /* landmarkData.json */; };
		015639782C3E57A200A9B0CD /* Landmark.swift in Sources */ = {isa = PBXBuildFile; fileRef = 01BE35742C310DC600EF5933 /* Landmark.swift */; };
		015639792C3E57A200A9B0CD /* Coordinates.swift in Sources */ = {isa = PBXBuildFile; fileRef = 01BE35772C3110C900EF5933 /* Coordinates.swift */; };
		0156397A2C3E57A200A9B0CD /* CircleImage.swift in Sources */ = {isa = PBXBuildFile; fileRef = 01BE356E2C30A7C700EF5933 /* CircleImage.swift */; };
		0156397B2C3E57A200A9B0CD /* ModelData.swift in Sources */ = {isa = PBXBuildFile; fileRef = 01BE35792C31114100EF5933 /* ModelData.swift */; };
		0156397C2C3E57A200A9B0CD /* LandmarkList.swift in Sources */ = {isa = PBXBuildFile; fileRef = 01BE357E2C31144300EF5933 /* LandmarkList.swift */; };
		0156397D2C3E57A200A9B0CD /* Hike.swift in Sources */ = {isa = PBXBuildFile; fileRef = 01BE35922C32868600EF5933 /* Hike.swift */; };
		0156397E2C3E57A200A9B0CD /* MapView.swift in Sources */ = {isa = PBXBuildFile; fileRef = 01BE35702C30A90700EF5933 /* MapView.swift */; };
		0156397F2C3E57A200A9B0CD /* Profile.swift in Sources */ = {isa = PBXBuildFile; fileRef = 01BE35AB2C33B4A700EF5933 /* Profile.swift */; };
		015639802C3E57A200A9B0CD /* LandmarkRow.swift in Sources */ = {isa = PBXBuildFile; fileRef = 01BE357C2C3112AE00EF5933 /* LandmarkRow.swift */; };
		015639812C3E57A200A9B0CD /* LandmarksApp.swift in Sources */ = {isa = PBXBuildFile; fileRef = 01BE35602C30A34700EF5933 /* LandmarksApp.swift */; };
		015639832C3E583800A9B0CD /* LandmarkDetail.swift in Sources */ = {isa = PBXBuildFile; fileRef = 015639822C3E583800A9B0CD /* LandmarkDetail.swift */; };
		01BE35612C30A34700EF5933 /* LandmarksApp.swift in Sources */ = {isa = PBXBuildFile; fileRef = 01BE35602C30A34700EF5933 /* LandmarksApp.swift */; };
		01BE35632C30A34700EF5933 /* ContentView.swift in Sources */ = {isa = PBXBuildFile; fileRef = 01BE35622C30A34700EF5933 /* ContentView.swift */; };
		01BE35652C30A34800EF5933 /* Assets.xcassets in Resources */ = {isa = PBXBuildFile; fileRef = 01BE35642C30A34800EF5933 /* Assets.xcassets */; };
		01BE35682C30A34800EF5933 /* Preview Assets.xcassets in Resources */ = {isa = PBXBuildFile; fileRef = 01BE35672C30A34800EF5933 /* Preview Assets.xcassets */; };
		01BE356F2C30A7C700EF5933 /* CircleImage.swift in Sources */ = {isa = PBXBuildFile; fileRef = 01BE356E2C30A7C700EF5933 /* CircleImage.swift */; };
		01BE35712C30A90700EF5933 /* MapView.swift in Sources */ = {isa = PBXBuildFile; fileRef = 01BE35702C30A90700EF5933 /* MapView.swift */; };
		01BE35732C310D9600EF5933 /* landmarkData.json in Resources */ = {isa = PBXBuildFile; fileRef = 01BE35722C310D9600EF5933 /* landmarkData.json */; };
		01BE35752C310DC600EF5933 /* Landmark.swift in Sources */ = {isa = PBXBuildFile; fileRef = 01BE35742C310DC600EF5933 /* Landmark.swift */; };
		01BE35782C3110C900EF5933 /* Coordinates.swift in Sources */ = {isa = PBXBuildFile; fileRef = 01BE35772C3110C900EF5933 /* Coordinates.swift */; };
		01BE357A2C31114100EF5933 /* ModelData.swift in Sources */ = {isa = PBXBuildFile; fileRef = 01BE35792C31114100EF5933 /* ModelData.swift */; };
		01BE357D2C3112AE00EF5933 /* LandmarkRow.swift in Sources */ = {isa = PBXBuildFile; fileRef = 01BE357C2C3112AE00EF5933 /* LandmarkRow.swift */; };
		01BE357F2C31144300EF5933 /* LandmarkList.swift in Sources */ = {isa = PBXBuildFile; fileRef = 01BE357E2C31144300EF5933 /* LandmarkList.swift */; };
		01BE35812C3115FF00EF5933 /* LandmarkDetail.swift in Sources */ = {isa = PBXBuildFile; fileRef = 01BE35802C3115FF00EF5933 /* LandmarkDetail.swift */; };
		01BE35842C31592300EF5933 /* FavoriteButton.swift in Sources */ = {isa = PBXBuildFile; fileRef = 01BE35832C31592300EF5933 /* FavoriteButton.swift */; };
		01BE35862C31FBD400EF5933 /* HexagonParameters.swift in Sources */ = {isa = PBXBuildFile; fileRef = 01BE35852C31FBD400EF5933 /* HexagonParameters.swift */; };
		01BE35882C32114C00EF5933 /* BadgeBackground.swift in Sources */ = {isa = PBXBuildFile; fileRef = 01BE35872C32114C00EF5933 /* BadgeBackground.swift */; };
		01BE358A2C32602600EF5933 /* BadgeSymbol.swift in Sources */ = {isa = PBXBuildFile; fileRef = 01BE35892C32602600EF5933 /* BadgeSymbol.swift */; };
		01BE358C2C3264F500EF5933 /* RotatedBadgeSymbol.swift in Sources */ = {isa = PBXBuildFile; fileRef = 01BE358B2C3264F500EF5933 /* RotatedBadgeSymbol.swift */; };
		01BE358F2C3265EA00EF5933 /* Badge.swift in Sources */ = {isa = PBXBuildFile; fileRef = 01BE358E2C3265EA00EF5933 /* Badge.swift */; };
		01BE35912C32867200EF5933 /* hikeData.json in Resources */ = {isa = PBXBuildFile; fileRef = 01BE35902C32867200EF5933 /* hikeData.json */; };
		01BE35932C32868600EF5933 /* Hike.swift in Sources */ = {isa = PBXBuildFile; fileRef = 01BE35922C32868600EF5933 /* Hike.swift */; };
		01BE359B2C328BCD00EF5933 /* GraphCapsule.swift in Sources */ = {isa = PBXBuildFile; fileRef = 01BE35962C328BCC00EF5933 /* GraphCapsule.swift */; };
		01BE359C2C328BCD00EF5933 /* HikeDetail.swift in Sources */ = {isa = PBXBuildFile; fileRef = 01BE35972C328BCC00EF5933 /* HikeDetail.swift */; };
		01BE359D2C328BCD00EF5933 /* HikeGraph.swift in Sources */ = {isa = PBXBuildFile; fileRef = 01BE35982C328BCC00EF5933 /* HikeGraph.swift */; };
		01BE359E2C328BCD00EF5933 /* HikeView.swift in Sources */ = {isa = PBXBuildFile; fileRef = 01BE35992C328BCC00EF5933 /* HikeView.swift */; };
		01BE35A02C328BF300EF5933 /* LICENSE.txt in Resources */ = {isa = PBXBuildFile; fileRef = 01BE359F2C328BF300EF5933 /* LICENSE.txt */; };
		01BE35A22C32AEDD00EF5933 /* Extensions.swift in Sources */ = {isa = PBXBuildFile; fileRef = 01BE35A12C32AEDD00EF5933 /* Extensions.swift */; };
		01BE35A52C33385100EF5933 /* CategoryHome.swift in Sources */ = {isa = PBXBuildFile; fileRef = 01BE35A42C33385000EF5933 /* CategoryHome.swift */; };
		01BE35A72C3357EF00EF5933 /* CategoryRow.swift in Sources */ = {isa = PBXBuildFile; fileRef = 01BE35A62C3357EF00EF5933 /* CategoryRow.swift */; };
		01BE35AA2C335AD600EF5933 /* CategoryItem.swift in Sources */ = {isa = PBXBuildFile; fileRef = 01BE35A92C335AD600EF5933 /* CategoryItem.swift */; };
		01BE35AC2C33B4A700EF5933 /* Profile.swift in Sources */ = {isa = PBXBuildFile; fileRef = 01BE35AB2C33B4A700EF5933 /* Profile.swift */; };
		01BE35AF2C33B60700EF5933 /* ProfileHost.swift in Sources */ = {isa = PBXBuildFile; fileRef = 01BE35AE2C33B60700EF5933 /* ProfileHost.swift */; };
		01BE35B12C33B6B600EF5933 /* ProfileSummary.swift in Sources */ = {isa = PBXBuildFile; fileRef = 01BE35B02C33B6B600EF5933 /* ProfileSummary.swift */; };
		01BE35B32C33B80D00EF5933 /* HikeBadge.swift in Sources */ = {isa = PBXBuildFile; fileRef = 01BE35B22C33B80D00EF5933 /* HikeBadge.swift */; };
		01CEC01E2C3E64E4005C59E4 /* NotificationView.swift in Sources */ = {isa = PBXBuildFile; fileRef = 01CEC01D2C3E64E4005C59E4 /* NotificationView.swift */; };
		01CEC0202C3E670F005C59E4 /* NotificationController.swift in Sources */ = {isa = PBXBuildFile; fileRef = 01CEC01F2C3E670F005C59E4 /* NotificationController.swift */; };
/* End PBXBuildFile section */

/* Begin PBXContainerItemProxy section */
		0156396E2C3E54A600A9B0CD /* PBXContainerItemProxy */ = {
			isa = PBXContainerItemProxy;
			containerPortal = 01BE35552C30A34700EF5933 /* Project object */;
			proxyType = 1;
			remoteGlobalIDString = 015639622C3E54A400A9B0CD;
			remoteInfo = "WatchLandmarks Watch App";
		};
/* End PBXContainerItemProxy section */

/* Begin PBXCopyFilesBuildPhase section */
		015639712C3E54A600A9B0CD /* Embed Watch Content */ = {
			isa = PBXCopyFilesBuildPhase;
			buildActionMask = 2147483647;
			dstPath = "$(CONTENTS_FOLDER_PATH)/Watch";
			dstSubfolderSpec = 16;
			files = (
				015639702C3E54A600A9B0CD /* WatchLandmarks Watch App.app in Embed Watch Content */,
			);
			name = "Embed Watch Content";
			runOnlyForDeploymentPostprocessing = 0;
		};
/* End PBXCopyFilesBuildPhase section */

/* Begin PBXFileReference section */
		015639362C3D115500A9B0CD /* ProfileEditor.swift */ = {isa = PBXFileReference; lastKnownFileType = sourcecode.swift; path = ProfileEditor.swift; sourceTree = "<group>"; };
		015639392C3DC1D200A9B0CD /* PageViewController.swift */ = {isa = PBXFileReference; lastKnownFileType = sourcecode.swift; path = PageViewController.swift; sourceTree = "<group>"; };
		0156393B2C3DF3E300A9B0CD /* FeatureCard.swift */ = {isa = PBXFileReference; lastKnownFileType = sourcecode.swift; path = FeatureCard.swift; sourceTree = "<group>"; };
		0156393D2C3DF4D600A9B0CD /* TextOverlay.swift */ = {isa = PBXFileReference; lastKnownFileType = sourcecode.swift; path = TextOverlay.swift; sourceTree = "<group>"; };
		0156393F2C3DF69800A9B0CD /* PageView.swift */ = {isa = PBXFileReference; lastKnownFileType = sourcecode.swift; path = PageView.swift; sourceTree = "<group>"; };
		015639412C3E4A9900A9B0CD /* PageControl.swift */ = {isa = PBXFileReference; lastKnownFileType = sourcecode.swift; path = PageControl.swift; sourceTree = "<group>"; };
		015639632C3E54A400A9B0CD /* WatchLandmarks Watch App.app */ = {isa = PBXFileReference; explicitFileType = wrapper.application; includeInIndex = 0; path = "WatchLandmarks Watch App.app"; sourceTree = BUILT_PRODUCTS_DIR; };
		015639672C3E54A500A9B0CD /* ContentView.swift */ = {isa = PBXFileReference; lastKnownFileType = sourcecode.swift; path = ContentView.swift; sourceTree = "<group>"; };
		015639692C3E54A600A9B0CD /* Assets.xcassets */ = {isa = PBXFileReference; lastKnownFileType = folder.assetcatalog; path = Assets.xcassets; sourceTree = "<group>"; };
		0156396C2C3E54A600A9B0CD /* Preview Assets.xcassets */ = {isa = PBXFileReference; lastKnownFileType = folder.assetcatalog; path = "Preview Assets.xcassets"; sourceTree = "<group>"; };
		015639822C3E583800A9B0CD /* LandmarkDetail.swift */ = {isa = PBXFileReference; lastKnownFileType = sourcecode.swift; path = LandmarkDetail.swift; sourceTree = "<group>"; };
		01BE355D2C30A34700EF5933 /* Landmarks.app */ = {isa = PBXFileReference; explicitFileType = wrapper.application; includeInIndex = 0; path = Landmarks.app; sourceTree = BUILT_PRODUCTS_DIR; };
		01BE35602C30A34700EF5933 /* LandmarksApp.swift */ = {isa = PBXFileReference; lastKnownFileType = sourcecode.swift; path = LandmarksApp.swift; sourceTree = "<group>"; };
		01BE35622C30A34700EF5933 /* ContentView.swift */ = {isa = PBXFileReference; lastKnownFileType = sourcecode.swift; path = ContentView.swift; sourceTree = "<group>"; };
		01BE35642C30A34800EF5933 /* Assets.xcassets */ = {isa = PBXFileReference; lastKnownFileType = folder.assetcatalog; path = Assets.xcassets; sourceTree = "<group>"; };
		01BE35672C30A34800EF5933 /* Preview Assets.xcassets */ = {isa = PBXFileReference; lastKnownFileType = folder.assetcatalog; path = "Preview Assets.xcassets"; sourceTree = "<group>"; };
		01BE356E2C30A7C700EF5933 /* CircleImage.swift */ = {isa = PBXFileReference; lastKnownFileType = sourcecode.swift; path = CircleImage.swift; sourceTree = "<group>"; };
		01BE35702C30A90700EF5933 /* MapView.swift */ = {isa = PBXFileReference; lastKnownFileType = sourcecode.swift; path = MapView.swift; sourceTree = "<group>"; };
		01BE35722C310D9600EF5933 /* landmarkData.json */ = {isa = PBXFileReference; fileEncoding = 4; lastKnownFileType = text.json; path = landmarkData.json; sourceTree = "<group>"; };
		01BE35742C310DC600EF5933 /* Landmark.swift */ = {isa = PBXFileReference; lastKnownFileType = sourcecode.swift; path = Landmark.swift; sourceTree = "<group>"; };
		01BE35772C3110C900EF5933 /* Coordinates.swift */ = {isa = PBXFileReference; lastKnownFileType = sourcecode.swift; path = Coordinates.swift; sourceTree = "<group>"; };
		01BE35792C31114100EF5933 /* ModelData.swift */ = {isa = PBXFileReference; lastKnownFileType = sourcecode.swift; path = ModelData.swift; sourceTree = "<group>"; };
		01BE357C2C3112AE00EF5933 /* LandmarkRow.swift */ = {isa = PBXFileReference; lastKnownFileType = sourcecode.swift; path = LandmarkRow.swift; sourceTree = "<group>"; };
		01BE357E2C31144300EF5933 /* LandmarkList.swift */ = {isa = PBXFileReference; lastKnownFileType = sourcecode.swift; path = LandmarkList.swift; sourceTree = "<group>"; };
		01BE35802C3115FF00EF5933 /* LandmarkDetail.swift */ = {isa = PBXFileReference; lastKnownFileType = sourcecode.swift; path = LandmarkDetail.swift; sourceTree = "<group>"; };
		01BE35832C31592300EF5933 /* FavoriteButton.swift */ = {isa = PBXFileReference; lastKnownFileType = sourcecode.swift; path = FavoriteButton.swift; sourceTree = "<group>"; };
		01BE35852C31FBD400EF5933 /* HexagonParameters.swift */ = {isa = PBXFileReference; lastKnownFileType = sourcecode.swift; path = HexagonParameters.swift; sourceTree = "<group>"; };
		01BE35872C32114C00EF5933 /* BadgeBackground.swift */ = {isa = PBXFileReference; lastKnownFileType = sourcecode.swift; path = BadgeBackground.swift; sourceTree = "<group>"; };
		01BE35892C32602600EF5933 /* BadgeSymbol.swift */ = {isa = PBXFileReference; lastKnownFileType = sourcecode.swift; path = BadgeSymbol.swift; sourceTree = "<group>"; };
		01BE358B2C3264F500EF5933 /* RotatedBadgeSymbol.swift */ = {isa = PBXFileReference; lastKnownFileType = sourcecode.swift; path = RotatedBadgeSymbol.swift; sourceTree = "<group>"; };
		01BE358E2C3265EA00EF5933 /* Badge.swift */ = {isa = PBXFileReference; lastKnownFileType = sourcecode.swift; path = Badge.swift; sourceTree = "<group>"; };
		01BE35902C32867200EF5933 /* hikeData.json */ = {isa = PBXFileReference; fileEncoding = 4; lastKnownFileType = text.json; path = hikeData.json; sourceTree = "<group>"; };
		01BE35922C32868600EF5933 /* Hike.swift */ = {isa = PBXFileReference; lastKnownFileType = sourcecode.swift; path = Hike.swift; sourceTree = "<group>"; };
		01BE35962C328BCC00EF5933 /* GraphCapsule.swift */ = {isa = PBXFileReference; fileEncoding = 4; lastKnownFileType = sourcecode.swift; path = GraphCapsule.swift; sourceTree = "<group>"; };
		01BE35972C328BCC00EF5933 /* HikeDetail.swift */ = {isa = PBXFileReference; fileEncoding = 4; lastKnownFileType = sourcecode.swift; path = HikeDetail.swift; sourceTree = "<group>"; };
		01BE35982C328BCC00EF5933 /* HikeGraph.swift */ = {isa = PBXFileReference; fileEncoding = 4; lastKnownFileType = sourcecode.swift; path = HikeGraph.swift; sourceTree = "<group>"; };
		01BE35992C328BCC00EF5933 /* HikeView.swift */ = {isa = PBXFileReference; fileEncoding = 4; lastKnownFileType = sourcecode.swift; path = HikeView.swift; sourceTree = "<group>"; };
		01BE359F2C328BF300EF5933 /* LICENSE.txt */ = {isa = PBXFileReference; fileEncoding = 4; lastKnownFileType = text; path = LICENSE.txt; sourceTree = "<group>"; };
		01BE35A12C32AEDD00EF5933 /* Extensions.swift */ = {isa = PBXFileReference; lastKnownFileType = sourcecode.swift; path = Extensions.swift; sourceTree = "<group>"; };
		01BE35A42C33385000EF5933 /* CategoryHome.swift */ = {isa = PBXFileReference; lastKnownFileType = sourcecode.swift; path = CategoryHome.swift; sourceTree = "<group>"; };
		01BE35A62C3357EF00EF5933 /* CategoryRow.swift */ = {isa = PBXFileReference; lastKnownFileType = sourcecode.swift; path = CategoryRow.swift; sourceTree = "<group>"; };
		01BE35A92C335AD600EF5933 /* CategoryItem.swift */ = {isa = PBXFileReference; lastKnownFileType = sourcecode.swift; path = CategoryItem.swift; sourceTree = "<group>"; };
		01BE35AB2C33B4A700EF5933 /* Profile.swift */ = {isa = PBXFileReference; lastKnownFileType = sourcecode.swift; path = Profile.swift; sourceTree = "<group>"; };
		01BE35AE2C33B60700EF5933 /* ProfileHost.swift */ = {isa = PBXFileReference; lastKnownFileType = sourcecode.swift; path = ProfileHost.swift; sourceTree = "<group>"; };
		01BE35B02C33B6B600EF5933 /* ProfileSummary.swift */ = {isa = PBXFileReference; lastKnownFileType = sourcecode.swift; path = ProfileSummary.swift; sourceTree = "<group>"; };
		01BE35B22C33B80D00EF5933 /* HikeBadge.swift */ = {isa = PBXFileReference; lastKnownFileType = sourcecode.swift; path = HikeBadge.swift; sourceTree = "<group>"; };
		01CEC01D2C3E64E4005C59E4 /* NotificationView.swift */ = {isa = PBXFileReference; lastKnownFileType = sourcecode.swift; path = NotificationView.swift; sourceTree = "<group>"; };
		01CEC01F2C3E670F005C59E4 /* NotificationController.swift */ = {isa = PBXFileReference; lastKnownFileType = sourcecode.swift; path = NotificationController.swift; sourceTree = "<group>"; };
		01CEC0222C3E70A6005C59E4 /* PushNotificationPayload.apns */ = {isa = PBXFileReference; lastKnownFileType = text; path = PushNotificationPayload.apns; sourceTree = "<group>"; };
/* End PBXFileReference section */

/* Begin PBXFrameworksBuildPhase section */
		015639602C3E54A400A9B0CD /* Frameworks */ = {
			isa = PBXFrameworksBuildPhase;
			buildActionMask = 2147483647;
			files = (
			);
			runOnlyForDeploymentPostprocessing = 0;
		};
		01BE355A2C30A34700EF5933 /* Frameworks */ = {
			isa = PBXFrameworksBuildPhase;
			buildActionMask = 2147483647;
			files = (
			);
			runOnlyForDeploymentPostprocessing = 0;
		};
/* End PBXFrameworksBuildPhase section */

/* Begin PBXGroup section */
		015639382C3DC17D00A9B0CD /* PAGE VIEW VIEWS */ = {
			isa = PBXGroup;
			children = (
				015639392C3DC1D200A9B0CD /* PageViewController.swift */,
				0156393F2C3DF69800A9B0CD /* PageView.swift */,
				015639412C3E4A9900A9B0CD /* PageControl.swift */,
			);
			path = "PAGE VIEW VIEWS";
			sourceTree = "<group>";
		};
		015639642C3E54A500A9B0CD /* WatchLandmarks Watch App */ = {
			isa = PBXGroup;
			children = (
				015639672C3E54A500A9B0CD /* ContentView.swift */,
				01CEC01F2C3E670F005C59E4 /* NotificationController.swift */,
				015639842C3E584B00A9B0CD /* VIEWS */,
				015639692C3E54A600A9B0CD /* Assets.xcassets */,
				0156396B2C3E54A600A9B0CD /* Preview Content */,
				01CEC0222C3E70A6005C59E4 /* PushNotificationPayload.apns */,
			);
			path = "WatchLandmarks Watch App";
			sourceTree = "<group>";
		};
		0156396B2C3E54A600A9B0CD /* Preview Content */ = {
			isa = PBXGroup;
			children = (
				0156396C2C3E54A600A9B0CD /* Preview Assets.xcassets */,
			);
			path = "Preview Content";
			sourceTree = "<group>";
		};
		015639842C3E584B00A9B0CD /* VIEWS */ = {
			isa = PBXGroup;
			children = (
				015639822C3E583800A9B0CD /* LandmarkDetail.swift */,
				01CEC01D2C3E64E4005C59E4 /* NotificationView.swift */,
			);
			path = VIEWS;
			sourceTree = "<group>";
		};
		01BE35542C30A34700EF5933 = {
			isa = PBXGroup;
			children = (
				01BE355F2C30A34700EF5933 /* Landmarks */,
				015639642C3E54A500A9B0CD /* WatchLandmarks Watch App */,
				01BE355E2C30A34700EF5933 /* Products */,
			);
			sourceTree = "<group>";
		};
		01BE355E2C30A34700EF5933 /* Products */ = {
			isa = PBXGroup;
			children = (
				01BE355D2C30A34700EF5933 /* Landmarks.app */,
				015639632C3E54A400A9B0CD /* WatchLandmarks Watch App.app */,
			);
			name = Products;
			sourceTree = "<group>";
		};
		01BE355F2C30A34700EF5933 /* Landmarks */ = {
			isa = PBXGroup;
			children = (
				01BE35602C30A34700EF5933 /* LandmarksApp.swift */,
				01BE357B2C31127900EF5933 /* VIEWS */,
				01BE35762C310DDD00EF5933 /* MODEL */,
				01BE35642C30A34800EF5933 /* Assets.xcassets */,
				01BE35662C30A34800EF5933 /* Preview Content */,
			);
			path = Landmarks;
			sourceTree = "<group>";
		};
		01BE35662C30A34800EF5933 /* Preview Content */ = {
			isa = PBXGroup;
			children = (
				01BE35672C30A34800EF5933 /* Preview Assets.xcassets */,
			);
			path = "Preview Content";
			sourceTree = "<group>";
		};
		01BE35762C310DDD00EF5933 /* MODEL */ = {
			isa = PBXGroup;
			children = (
				01BE35A12C32AEDD00EF5933 /* Extensions.swift */,
				01BE35792C31114100EF5933 /* ModelData.swift */,
				01BE35742C310DC600EF5933 /* Landmark.swift */,
				01BE35772C3110C900EF5933 /* Coordinates.swift */,
				01BE35922C32868600EF5933 /* Hike.swift */,
				01BE35AB2C33B4A700EF5933 /* Profile.swift */,
				01BE35902C32867200EF5933 /* hikeData.json */,
				01BE35722C310D9600EF5933 /* landmarkData.json */,
			);
			path = MODEL;
			sourceTree = "<group>";
		};
		01BE357B2C31127900EF5933 /* VIEWS */ = {
			isa = PBXGroup;
			children = (
				01BE35622C30A34700EF5933 /* ContentView.swift */,
				01BE35A82C3357FC00EF5933 /* LANDMARK VIEWS */,
				01BE35A32C33382D00EF5933 /* CATEGORY VIEWS */,
				015639382C3DC17D00A9B0CD /* PAGE VIEW VIEWS */,
				01BE35AD2C33B5F100EF5933 /* PROFILE VIEWS */,
				01BE359A2C328BCC00EF5933 /* HIKE VIEWS */,
				01BE35822C311BA800EF5933 /* HELPER VIEWS */,
			);
			path = VIEWS;
			sourceTree = "<group>";
		};
		01BE35822C311BA800EF5933 /* HELPER VIEWS */ = {
			isa = PBXGroup;
			children = (
				0156393B2C3DF3E300A9B0CD /* FeatureCard.swift */,
				0156393D2C3DF4D600A9B0CD /* TextOverlay.swift */,
				01BE358D2C3264F900EF5933 /* BADGE VIEW */,
				01BE356E2C30A7C700EF5933 /* CircleImage.swift */,
				01BE35702C30A90700EF5933 /* MapView.swift */,
				01BE35832C31592300EF5933 /* FavoriteButton.swift */,
			);
			path = "HELPER VIEWS";
			sourceTree = "<group>";
		};
		01BE358D2C3264F900EF5933 /* BADGE VIEW */ = {
			isa = PBXGroup;
			children = (
				01BE358E2C3265EA00EF5933 /* Badge.swift */,
				01BE35852C31FBD400EF5933 /* HexagonParameters.swift */,
				01BE35872C32114C00EF5933 /* BadgeBackground.swift */,
				01BE35892C32602600EF5933 /* BadgeSymbol.swift */,
				01BE358B2C3264F500EF5933 /* RotatedBadgeSymbol.swift */,
			);
			path = "BADGE VIEW";
			sourceTree = "<group>";
		};
		01BE359A2C328BCC00EF5933 /* HIKE VIEWS */ = {
			isa = PBXGroup;
			children = (
				01BE359F2C328BF300EF5933 /* LICENSE.txt */,
				01BE35962C328BCC00EF5933 /* GraphCapsule.swift */,
				01BE35972C328BCC00EF5933 /* HikeDetail.swift */,
				01BE35982C328BCC00EF5933 /* HikeGraph.swift */,
				01BE35992C328BCC00EF5933 /* HikeView.swift */,
				01BE35B22C33B80D00EF5933 /* HikeBadge.swift */,
			);
			path = "HIKE VIEWS";
			sourceTree = "<group>";
		};
		01BE35A32C33382D00EF5933 /* CATEGORY VIEWS */ = {
			isa = PBXGroup;
			children = (
				01BE35A42C33385000EF5933 /* CategoryHome.swift */,
				01BE35A62C3357EF00EF5933 /* CategoryRow.swift */,
				01BE35A92C335AD600EF5933 /* CategoryItem.swift */,
			);
			path = "CATEGORY VIEWS";
			sourceTree = "<group>";
		};
		01BE35A82C3357FC00EF5933 /* LANDMARK VIEWS */ = {
			isa = PBXGroup;
			children = (
				01BE357E2C31144300EF5933 /* LandmarkList.swift */,
				01BE35802C3115FF00EF5933 /* LandmarkDetail.swift */,
				01BE357C2C3112AE00EF5933 /* LandmarkRow.swift */,
			);
			path = "LANDMARK VIEWS";
			sourceTree = "<group>";
		};
		01BE35AD2C33B5F100EF5933 /* PROFILE VIEWS */ = {
			isa = PBXGroup;
			children = (
				01BE35AE2C33B60700EF5933 /* ProfileHost.swift */,
				015639362C3D115500A9B0CD /* ProfileEditor.swift */,
				01BE35B02C33B6B600EF5933 /* ProfileSummary.swift */,
			);
			path = "PROFILE VIEWS";
			sourceTree = "<group>";
		};
/* End PBXGroup section */

/* Begin PBXNativeTarget section */
		015639622C3E54A400A9B0CD /* WatchLandmarks Watch App */ = {
			isa = PBXNativeTarget;
			buildConfigurationList = 015639742C3E54A600A9B0CD /* Build configuration list for PBXNativeTarget "WatchLandmarks Watch App" */;
			buildPhases = (
				0156395F2C3E54A400A9B0CD /* Sources */,
				015639602C3E54A400A9B0CD /* Frameworks */,
				015639612C3E54A400A9B0CD /* Resources */,
			);
			buildRules = (
			);
			dependencies = (
			);
			name = "WatchLandmarks Watch App";
			productName = "WatchLandmarks Watch App";
			productReference = 015639632C3E54A400A9B0CD /* WatchLandmarks Watch App.app */;
			productType = "com.apple.product-type.application";
		};
		01BE355C2C30A34700EF5933 /* Landmarks */ = {
			isa = PBXNativeTarget;
			buildConfigurationList = 01BE356B2C30A34800EF5933 /* Build configuration list for PBXNativeTarget "Landmarks" */;
			buildPhases = (
				01BE35592C30A34700EF5933 /* Sources */,
				01BE355A2C30A34700EF5933 /* Frameworks */,
				01BE355B2C30A34700EF5933 /* Resources */,
				015639712C3E54A600A9B0CD /* Embed Watch Content */,
			);
			buildRules = (
			);
			dependencies = (
				0156396F2C3E54A600A9B0CD /* PBXTargetDependency */,
			);
			name = Landmarks;
			productName = Landmarks;
			productReference = 01BE355D2C30A34700EF5933 /* Landmarks.app */;
			productType = "com.apple.product-type.application";
		};
/* End PBXNativeTarget section */

/* Begin PBXProject section */
		01BE35552C30A34700EF5933 /* Project object */ = {
			isa = PBXProject;
			attributes = {
				BuildIndependentTargetsInParallel = 1;
				LastSwiftUpdateCheck = 1540;
				LastUpgradeCheck = 1540;
				TargetAttributes = {
					015639622C3E54A400A9B0CD = {
						CreatedOnToolsVersion = 15.4;
					};
					01BE355C2C30A34700EF5933 = {
						CreatedOnToolsVersion = 15.4;
					};
				};
			};
			buildConfigurationList = 01BE35582C30A34700EF5933 /* Build configuration list for PBXProject "Landmarks" */;
			compatibilityVersion = "Xcode 14.0";
			developmentRegion = en;
			hasScannedForEncodings = 0;
			knownRegions = (
				en,
				Base,
			);
			mainGroup = 01BE35542C30A34700EF5933;
			productRefGroup = 01BE355E2C30A34700EF5933 /* Products */;
			projectDirPath = "";
			projectRoot = "";
			targets = (
				01BE355C2C30A34700EF5933 /* Landmarks */,
				015639622C3E54A400A9B0CD /* WatchLandmarks Watch App */,
			);
		};
/* End PBXProject section */

/* Begin PBXResourcesBuildPhase section */
		015639612C3E54A400A9B0CD /* Resources */ = {
			isa = PBXResourcesBuildPhase;
			buildActionMask = 2147483647;
			files = (
				015639752C3E57A200A9B0CD /* hikeData.json in Resources */,
				015639762C3E57A200A9B0CD /* Assets.xcassets in Resources */,
				015639772C3E57A200A9B0CD /* landmarkData.json in Resources */,
				0156396D2C3E54A600A9B0CD /* Preview Assets.xcassets in Resources */,
				0156396A2C3E54A600A9B0CD /* Assets.xcassets in Resources */,
			);
			runOnlyForDeploymentPostprocessing = 0;
		};
		01BE355B2C30A34700EF5933 /* Resources */ = {
			isa = PBXResourcesBuildPhase;
			buildActionMask = 2147483647;
			files = (
				01BE35912C32867200EF5933 /* hikeData.json in Resources */,
				01BE35682C30A34800EF5933 /* Preview Assets.xcassets in Resources */,
				01BE35652C30A34800EF5933 /* Assets.xcassets in Resources */,
				01BE35A02C328BF300EF5933 /* LICENSE.txt in Resources */,
				01BE35732C310D9600EF5933 /* landmarkData.json in Resources */,
			);
			runOnlyForDeploymentPostprocessing = 0;
		};
/* End PBXResourcesBuildPhase section */

/* Begin PBXSourcesBuildPhase section */
		0156395F2C3E54A400A9B0CD /* Sources */ = {
			isa = PBXSourcesBuildPhase;
			buildActionMask = 2147483647;
			files = (
				015639782C3E57A200A9B0CD /* Landmark.swift in Sources */,
				015639792C3E57A200A9B0CD /* Coordinates.swift in Sources */,
				0156397A2C3E57A200A9B0CD /* CircleImage.swift in Sources */,
				01CEC01E2C3E64E4005C59E4 /* NotificationView.swift in Sources */,
				0156397B2C3E57A200A9B0CD /* ModelData.swift in Sources */,
				015639832C3E583800A9B0CD /* LandmarkDetail.swift in Sources */,
				0156397C2C3E57A200A9B0CD /* LandmarkList.swift in Sources */,
				0156397D2C3E57A200A9B0CD /* Hike.swift in Sources */,
				0156397E2C3E57A200A9B0CD /* MapView.swift in Sources */,
				0156397F2C3E57A200A9B0CD /* Profile.swift in Sources */,
				01CEC0202C3E670F005C59E4 /* NotificationController.swift in Sources */,
				015639802C3E57A200A9B0CD /* LandmarkRow.swift in Sources */,
				015639812C3E57A200A9B0CD /* LandmarksApp.swift in Sources */,
				015639682C3E54A500A9B0CD /* ContentView.swift in Sources */,
			);
			runOnlyForDeploymentPostprocessing = 0;
		};
		01BE35592C30A34700EF5933 /* Sources */ = {
			isa = PBXSourcesBuildPhase;
			buildActionMask = 2147483647;
			files = (
				01BE35932C32868600EF5933 /* Hike.swift in Sources */,
				01BE35862C31FBD400EF5933 /* HexagonParameters.swift in Sources */,
				015639372C3D115500A9B0CD /* ProfileEditor.swift in Sources */,
				01BE35B12C33B6B600EF5933 /* ProfileSummary.swift in Sources */,
				01BE35632C30A34700EF5933 /* ContentView.swift in Sources */,
				01BE35AC2C33B4A700EF5933 /* Profile.swift in Sources */,
				01BE35712C30A90700EF5933 /* MapView.swift in Sources */,
				01BE359D2C328BCD00EF5933 /* HikeGraph.swift in Sources */,
				01BE35AF2C33B60700EF5933 /* ProfileHost.swift in Sources */,
				01BE35612C30A34700EF5933 /* LandmarksApp.swift in Sources */,
				01BE35782C3110C900EF5933 /* Coordinates.swift in Sources */,
				01BE357F2C31144300EF5933 /* LandmarkList.swift in Sources */,
				01BE356F2C30A7C700EF5933 /* CircleImage.swift in Sources */,
				01BE35A22C32AEDD00EF5933 /* Extensions.swift in Sources */,
				0156393A2C3DC1D200A9B0CD /* PageViewController.swift in Sources */,
				015639422C3E4A9900A9B0CD /* PageControl.swift in Sources */,
				015639402C3DF69800A9B0CD /* PageView.swift in Sources */,
				0156393E2C3DF4D600A9B0CD /* TextOverlay.swift in Sources */,
				01BE35A72C3357EF00EF5933 /* CategoryRow.swift in Sources */,
				01BE358A2C32602600EF5933 /* BadgeSymbol.swift in Sources */,
				01BE358C2C3264F500EF5933 /* RotatedBadgeSymbol.swift in Sources */,
				0156393C2C3DF3E300A9B0CD /* FeatureCard.swift in Sources */,
				01BE358F2C3265EA00EF5933 /* Badge.swift in Sources */,
				01BE359E2C328BCD00EF5933 /* HikeView.swift in Sources */,
				01BE35752C310DC600EF5933 /* Landmark.swift in Sources */,
				01BE35882C32114C00EF5933 /* BadgeBackground.swift in Sources */,
				01BE357D2C3112AE00EF5933 /* LandmarkRow.swift in Sources */,
				01BE35B32C33B80D00EF5933 /* HikeBadge.swift in Sources */,
				01BE35AA2C335AD600EF5933 /* CategoryItem.swift in Sources */,
				01BE35812C3115FF00EF5933 /* LandmarkDetail.swift in Sources */,
				01BE35842C31592300EF5933 /* FavoriteButton.swift in Sources */,
				01BE359B2C328BCD00EF5933 /* GraphCapsule.swift in Sources */,
				01BE357A2C31114100EF5933 /* ModelData.swift in Sources */,
				01BE35A52C33385100EF5933 /* CategoryHome.swift in Sources */,
				01BE359C2C328BCD00EF5933 /* HikeDetail.swift in Sources */,
			);
			runOnlyForDeploymentPostprocessing = 0;
		};
/* End PBXSourcesBuildPhase section */

/* Begin PBXTargetDependency section */
		0156396F2C3E54A600A9B0CD /* PBXTargetDependency */ = {
			isa = PBXTargetDependency;
			target = 015639622C3E54A400A9B0CD /* WatchLandmarks Watch App */;
			targetProxy = 0156396E2C3E54A600A9B0CD /* PBXContainerItemProxy */;
		};
/* End PBXTargetDependency section */

/* Begin XCBuildConfiguration section */
		015639722C3E54A600A9B0CD /* Debug */ = {
			isa = XCBuildConfiguration;
			buildSettings = {
				ASSETCATALOG_COMPILER_APPICON_NAME = AppIcon;
				ASSETCATALOG_COMPILER_GLOBAL_ACCENT_COLOR_NAME = AccentColor;
				CODE_SIGN_STYLE = Automatic;
				CURRENT_PROJECT_VERSION = 1;
				DEVELOPMENT_ASSET_PATHS = "\"WatchLandmarks Watch App/Preview Content\"";
				DEVELOPMENT_TEAM = LS5BRV8485;
				ENABLE_PREVIEWS = YES;
				GENERATE_INFOPLIST_FILE = YES;
				INFOPLIST_KEY_CFBundleDisplayName = WatchLandmarks;
				INFOPLIST_KEY_UISupportedInterfaceOrientations = "UIInterfaceOrientationPortrait UIInterfaceOrientationPortraitUpsideDown";
				INFOPLIST_KEY_WKCompanionAppBundleIdentifier = com.mottapplications.Landmarks;
				INFOPLIST_KEY_WKRunsIndependentlyOfCompanionApp = NO;
				LD_RUNPATH_SEARCH_PATHS = (
					"$(inherited)",
					"@executable_path/Frameworks",
				);
				MARKETING_VERSION = 1.0;
				PRODUCT_BUNDLE_IDENTIFIER = com.mottapplications.Landmarks.watchkitapp;
				PRODUCT_NAME = "$(TARGET_NAME)";
				SDKROOT = watchos;
				SKIP_INSTALL = YES;
				SWIFT_EMIT_LOC_STRINGS = YES;
				SWIFT_VERSION = 5.0;
				TARGETED_DEVICE_FAMILY = 4;
				WATCHOS_DEPLOYMENT_TARGET = 10.5;
			};
			name = Debug;
		};
		015639732C3E54A600A9B0CD /* Release */ = {
			isa = XCBuildConfiguration;
			buildSettings = {
				ASSETCATALOG_COMPILER_APPICON_NAME = AppIcon;
				ASSETCATALOG_COMPILER_GLOBAL_ACCENT_COLOR_NAME = AccentColor;
				CODE_SIGN_STYLE = Automatic;
				CURRENT_PROJECT_VERSION = 1;
				DEVELOPMENT_ASSET_PATHS = "\"WatchLandmarks Watch App/Preview Content\"";
				DEVELOPMENT_TEAM = LS5BRV8485;
				ENABLE_PREVIEWS = YES;
				GENERATE_INFOPLIST_FILE = YES;
				INFOPLIST_KEY_CFBundleDisplayName = WatchLandmarks;
				INFOPLIST_KEY_UISupportedInterfaceOrientations = "UIInterfaceOrientationPortrait UIInterfaceOrientationPortraitUpsideDown";
				INFOPLIST_KEY_WKCompanionAppBundleIdentifier = com.mottapplications.Landmarks;
				INFOPLIST_KEY_WKRunsIndependentlyOfCompanionApp = NO;
				LD_RUNPATH_SEARCH_PATHS = (
					"$(inherited)",
					"@executable_path/Frameworks",
				);
				MARKETING_VERSION = 1.0;
				PRODUCT_BUNDLE_IDENTIFIER = com.mottapplications.Landmarks.watchkitapp;
				PRODUCT_NAME = "$(TARGET_NAME)";
				SDKROOT = watchos;
				SKIP_INSTALL = YES;
				SWIFT_EMIT_LOC_STRINGS = YES;
				SWIFT_VERSION = 5.0;
				TARGETED_DEVICE_FAMILY = 4;
				WATCHOS_DEPLOYMENT_TARGET = 10.5;
			};
			name = Release;
		};
		01BE35692C30A34800EF5933 /* Debug */ = {
			isa = XCBuildConfiguration;
			buildSettings = {
				ALWAYS_SEARCH_USER_PATHS = NO;
				ASSETCATALOG_COMPILER_GENERATE_SWIFT_ASSET_SYMBOL_EXTENSIONS = YES;
				CLANG_ANALYZER_NONNULL = YES;
				CLANG_ANALYZER_NUMBER_OBJECT_CONVERSION = YES_AGGRESSIVE;
				CLANG_CXX_LANGUAGE_STANDARD = "gnu++20";
				CLANG_ENABLE_MODULES = YES;
				CLANG_ENABLE_OBJC_ARC = YES;
				CLANG_ENABLE_OBJC_WEAK = YES;
				CLANG_WARN_BLOCK_CAPTURE_AUTORELEASING = YES;
				CLANG_WARN_BOOL_CONVERSION = YES;
				CLANG_WARN_COMMA = YES;
				CLANG_WARN_CONSTANT_CONVERSION = YES;
				CLANG_WARN_DEPRECATED_OBJC_IMPLEMENTATIONS = YES;
				CLANG_WARN_DIRECT_OBJC_ISA_USAGE = YES_ERROR;
				CLANG_WARN_DOCUMENTATION_COMMENTS = YES;
				CLANG_WARN_EMPTY_BODY = YES;
				CLANG_WARN_ENUM_CONVERSION = YES;
				CLANG_WARN_INFINITE_RECURSION = YES;
				CLANG_WARN_INT_CONVERSION = YES;
				CLANG_WARN_NON_LITERAL_NULL_CONVERSION = YES;
				CLANG_WARN_OBJC_IMPLICIT_RETAIN_SELF = YES;
				CLANG_WARN_OBJC_LITERAL_CONVERSION = YES;
				CLANG_WARN_OBJC_ROOT_CLASS = YES_ERROR;
				CLANG_WARN_QUOTED_INCLUDE_IN_FRAMEWORK_HEADER = YES;
				CLANG_WARN_RANGE_LOOP_ANALYSIS = YES;
				CLANG_WARN_STRICT_PROTOTYPES = YES;
				CLANG_WARN_SUSPICIOUS_MOVE = YES;
				CLANG_WARN_UNGUARDED_AVAILABILITY = YES_AGGRESSIVE;
				CLANG_WARN_UNREACHABLE_CODE = YES;
				CLANG_WARN__DUPLICATE_METHOD_MATCH = YES;
				COPY_PHASE_STRIP = NO;
				DEBUG_INFORMATION_FORMAT = dwarf;
				ENABLE_STRICT_OBJC_MSGSEND = YES;
				ENABLE_TESTABILITY = YES;
				ENABLE_USER_SCRIPT_SANDBOXING = YES;
				GCC_C_LANGUAGE_STANDARD = gnu17;
				GCC_DYNAMIC_NO_PIC = NO;
				GCC_NO_COMMON_BLOCKS = YES;
				GCC_OPTIMIZATION_LEVEL = 0;
				GCC_PREPROCESSOR_DEFINITIONS = (
					"DEBUG=1",
					"$(inherited)",
				);
				GCC_WARN_64_TO_32_BIT_CONVERSION = YES;
				GCC_WARN_ABOUT_RETURN_TYPE = YES_ERROR;
				GCC_WARN_UNDECLARED_SELECTOR = YES;
				GCC_WARN_UNINITIALIZED_AUTOS = YES_AGGRESSIVE;
				GCC_WARN_UNUSED_FUNCTION = YES;
				GCC_WARN_UNUSED_VARIABLE = YES;
				IPHONEOS_DEPLOYMENT_TARGET = 17.5;
				LOCALIZATION_PREFERS_STRING_CATALOGS = YES;
				MTL_ENABLE_DEBUG_INFO = INCLUDE_SOURCE;
				MTL_FAST_MATH = YES;
				ONLY_ACTIVE_ARCH = YES;
				SDKROOT = iphoneos;
				SWIFT_ACTIVE_COMPILATION_CONDITIONS = "DEBUG $(inherited)";
				SWIFT_OPTIMIZATION_LEVEL = "-Onone";
			};
			name = Debug;
		};
		01BE356A2C30A34800EF5933 /* Release */ = {
			isa = XCBuildConfiguration;
			buildSettings = {
				ALWAYS_SEARCH_USER_PATHS = NO;
				ASSETCATALOG_COMPILER_GENERATE_SWIFT_ASSET_SYMBOL_EXTENSIONS = YES;
				CLANG_ANALYZER_NONNULL = YES;
				CLANG_ANALYZER_NUMBER_OBJECT_CONVERSION = YES_AGGRESSIVE;
				CLANG_CXX_LANGUAGE_STANDARD = "gnu++20";
				CLANG_ENABLE_MODULES = YES;
				CLANG_ENABLE_OBJC_ARC = YES;
				CLANG_ENABLE_OBJC_WEAK = YES;
				CLANG_WARN_BLOCK_CAPTURE_AUTORELEASING = YES;
				CLANG_WARN_BOOL_CONVERSION = YES;
				CLANG_WARN_COMMA = YES;
				CLANG_WARN_CONSTANT_CONVERSION = YES;
				CLANG_WARN_DEPRECATED_OBJC_IMPLEMENTATIONS = YES;
				CLANG_WARN_DIRECT_OBJC_ISA_USAGE = YES_ERROR;
				CLANG_WARN_DOCUMENTATION_COMMENTS = YES;
				CLANG_WARN_EMPTY_BODY = YES;
				CLANG_WARN_ENUM_CONVERSION = YES;
				CLANG_WARN_INFINITE_RECURSION = YES;
				CLANG_WARN_INT_CONVERSION = YES;
				CLANG_WARN_NON_LITERAL_NULL_CONVERSION = YES;
				CLANG_WARN_OBJC_IMPLICIT_RETAIN_SELF = YES;
				CLANG_WARN_OBJC_LITERAL_CONVERSION = YES;
				CLANG_WARN_OBJC_ROOT_CLASS = YES_ERROR;
				CLANG_WARN_QUOTED_INCLUDE_IN_FRAMEWORK_HEADER = YES;
				CLANG_WARN_RANGE_LOOP_ANALYSIS = YES;
				CLANG_WARN_STRICT_PROTOTYPES = YES;
				CLANG_WARN_SUSPICIOUS_MOVE = YES;
				CLANG_WARN_UNGUARDED_AVAILABILITY = YES_AGGRESSIVE;
				CLANG_WARN_UNREACHABLE_CODE = YES;
				CLANG_WARN__DUPLICATE_METHOD_MATCH = YES;
				COPY_PHASE_STRIP = NO;
				DEBUG_INFORMATION_FORMAT = "dwarf-with-dsym";
				ENABLE_NS_ASSERTIONS = NO;
				ENABLE_STRICT_OBJC_MSGSEND = YES;
				ENABLE_USER_SCRIPT_SANDBOXING = YES;
				GCC_C_LANGUAGE_STANDARD = gnu17;
				GCC_NO_COMMON_BLOCKS = YES;
				GCC_WARN_64_TO_32_BIT_CONVERSION = YES;
				GCC_WARN_ABOUT_RETURN_TYPE = YES_ERROR;
				GCC_WARN_UNDECLARED_SELECTOR = YES;
				GCC_WARN_UNINITIALIZED_AUTOS = YES_AGGRESSIVE;
				GCC_WARN_UNUSED_FUNCTION = YES;
				GCC_WARN_UNUSED_VARIABLE = YES;
				IPHONEOS_DEPLOYMENT_TARGET = 17.5;
				LOCALIZATION_PREFERS_STRING_CATALOGS = YES;
				MTL_ENABLE_DEBUG_INFO = NO;
				MTL_FAST_MATH = YES;
				SDKROOT = iphoneos;
				SWIFT_COMPILATION_MODE = wholemodule;
				VALIDATE_PRODUCT = YES;
			};
			name = Release;
		};
		01BE356C2C30A34800EF5933 /* Debug */ = {
			isa = XCBuildConfiguration;
			buildSettings = {
				ALWAYS_EMBED_SWIFT_STANDARD_LIBRARIES = YES;
				ASSETCATALOG_COMPILER_APPICON_NAME = AppIcon;
				ASSETCATALOG_COMPILER_GLOBAL_ACCENT_COLOR_NAME = AccentColor;
				CODE_SIGN_STYLE = Automatic;
				CURRENT_PROJECT_VERSION = 1;
				DEVELOPMENT_ASSET_PATHS = "\"Landmarks/Preview Content\"";
				DEVELOPMENT_TEAM = LS5BRV8485;
				ENABLE_PREVIEWS = YES;
				GENERATE_INFOPLIST_FILE = YES;
				INFOPLIST_KEY_UIApplicationSceneManifest_Generation = YES;
				INFOPLIST_KEY_UIApplicationSupportsIndirectInputEvents = YES;
				INFOPLIST_KEY_UILaunchScreen_Generation = YES;
				INFOPLIST_KEY_UISupportedInterfaceOrientations_iPad = "UIInterfaceOrientationPortrait UIInterfaceOrientationPortraitUpsideDown UIInterfaceOrientationLandscapeLeft UIInterfaceOrientationLandscapeRight";
				INFOPLIST_KEY_UISupportedInterfaceOrientations_iPhone = "UIInterfaceOrientationPortrait UIInterfaceOrientationLandscapeLeft UIInterfaceOrientationLandscapeRight";
				LD_RUNPATH_SEARCH_PATHS = (
					"$(inherited)",
					"@executable_path/Frameworks",
				);
				MARKETING_VERSION = 1.0;
				PRODUCT_BUNDLE_IDENTIFIER = com.mottapplications.Landmarks;
				PRODUCT_NAME = "$(TARGET_NAME)";
				SWIFT_EMIT_LOC_STRINGS = YES;
				SWIFT_VERSION = 5.0;
				TARGETED_DEVICE_FAMILY = "1,2";
			};
			name = Debug;
		};
		01BE356D2C30A34800EF5933 /* Release */ = {
			isa = XCBuildConfiguration;
			buildSettings = {
				ALWAYS_EMBED_SWIFT_STANDARD_LIBRARIES = YES;
				ASSETCATALOG_COMPILER_APPICON_NAME = AppIcon;
				ASSETCATALOG_COMPILER_GLOBAL_ACCENT_COLOR_NAME = AccentColor;
				CODE_SIGN_STYLE = Automatic;
				CURRENT_PROJECT_VERSION = 1;
				DEVELOPMENT_ASSET_PATHS = "\"Landmarks/Preview Content\"";
				DEVELOPMENT_TEAM = LS5BRV8485;
				ENABLE_PREVIEWS = YES;
				GENERATE_INFOPLIST_FILE = YES;
				INFOPLIST_KEY_UIApplicationSceneManifest_Generation = YES;
				INFOPLIST_KEY_UIApplicationSupportsIndirectInputEvents = YES;
				INFOPLIST_KEY_UILaunchScreen_Generation = YES;
				INFOPLIST_KEY_UISupportedInterfaceOrientations_iPad = "UIInterfaceOrientationPortrait UIInterfaceOrientationPortraitUpsideDown UIInterfaceOrientationLandscapeLeft UIInterfaceOrientationLandscapeRight";
				INFOPLIST_KEY_UISupportedInterfaceOrientations_iPhone = "UIInterfaceOrientationPortrait UIInterfaceOrientationLandscapeLeft UIInterfaceOrientationLandscapeRight";
				LD_RUNPATH_SEARCH_PATHS = (
					"$(inherited)",
					"@executable_path/Frameworks",
				);
				MARKETING_VERSION = 1.0;
				PRODUCT_BUNDLE_IDENTIFIER = com.mottapplications.Landmarks;
				PRODUCT_NAME = "$(TARGET_NAME)";
				SWIFT_EMIT_LOC_STRINGS = YES;
				SWIFT_VERSION = 5.0;
				TARGETED_DEVICE_FAMILY = "1,2";
			};
			name = Release;
		};
/* End XCBuildConfiguration section */

/* Begin XCConfigurationList section */
		015639742C3E54A600A9B0CD /* Build configuration list for PBXNativeTarget "WatchLandmarks Watch App" */ = {
			isa = XCConfigurationList;
			buildConfigurations = (
				015639722C3E54A600A9B0CD /* Debug */,
				015639732C3E54A600A9B0CD /* Release */,
			);
			defaultConfigurationIsVisible = 0;
			defaultConfigurationName = Release;
		};
		01BE35582C30A34700EF5933 /* Build configuration list for PBXProject "Landmarks" */ = {
			isa = XCConfigurationList;
			buildConfigurations = (
				01BE35692C30A34800EF5933 /* Debug */,
				01BE356A2C30A34800EF5933 /* Release */,
			);
			defaultConfigurationIsVisible = 0;
			defaultConfigurationName = Release;
		};
		01BE356B2C30A34800EF5933 /* Build configuration list for PBXNativeTarget "Landmarks" */ = {
			isa = XCConfigurationList;
			buildConfigurations = (
				01BE356C2C30A34800EF5933 /* Debug */,
				01BE356D2C30A34800EF5933 /* Release */,
			);
			defaultConfigurationIsVisible = 0;
			defaultConfigurationName = Release;
		};
/* End XCConfigurationList section */
	};
	rootObject = 01BE35552C30A34700EF5933 /* Project object */;
}
