// !$*UTF8*$!
{
	archiveVersion = 1;
	classes = {
	};
	objectVersion = 56;
	objects = {

/* Begin PBXBuildFile section */
		0131E9B72C4C8BB700D3CE46 /* ErrorWrapper.swift in Sources */ = {isa = PBXBuildFile; fileRef = 0131E9B62C4C8BB700D3CE46 /* ErrorWrapper.swift */; };
		0131E9B92C4C8DED00D3CE46 /* ErrorView.swift in Sources */ = {isa = PBXBuildFile; fileRef = 0131E9B82C4C8DED00D3CE46 /* ErrorView.swift */; };
		0131E9BB2C4CDF9600D3CE46 /* MeetingTimerView.swift in Sources */ = {isa = PBXBuildFile; fileRef = 0131E9BA2C4CDF9600D3CE46 /* MeetingTimerView.swift */; };
		0131E9BD2C4CE5E000D3CE46 /* SpeakerArc.swift in Sources */ = {isa = PBXBuildFile; fileRef = 0131E9BC2C4CE5E000D3CE46 /* SpeakerArc.swift */; };
		0131E9BF2C4DB66000D3CE46 /* SpeechRecognizer.swift in Sources */ = {isa = PBXBuildFile; fileRef = 0131E9BE2C4DB66000D3CE46 /* SpeechRecognizer.swift */; };
		01B8D4012C470C7A00F5DEE4 /* Theme.swift in Sources */ = {isa = PBXBuildFile; fileRef = 01B8D4002C470C7A00F5DEE4 /* Theme.swift */; };
		01B8D4032C470F3E00F5DEE4 /* DailyScrum.swift in Sources */ = {isa = PBXBuildFile; fileRef = 01B8D4022C470F3E00F5DEE4 /* DailyScrum.swift */; };
		01B8D4052C47103B00F5DEE4 /* CardView.swift in Sources */ = {isa = PBXBuildFile; fileRef = 01B8D4042C47103B00F5DEE4 /* CardView.swift */; };
		01B8D40A2C471D2F00F5DEE4 /* TrailingIconLabelStyle.swift in Sources */ = {isa = PBXBuildFile; fileRef = 01B8D4092C471D2F00F5DEE4 /* TrailingIconLabelStyle.swift */; };
		01B8D40C2C47372E00F5DEE4 /* ScrumList.swift in Sources */ = {isa = PBXBuildFile; fileRef = 01B8D40B2C47372E00F5DEE4 /* ScrumList.swift */; };
		01B8D40E2C4747F900F5DEE4 /* ScrumDetail.swift in Sources */ = {isa = PBXBuildFile; fileRef = 01B8D40D2C4747F900F5DEE4 /* ScrumDetail.swift */; };
		01B8D4102C474CDD00F5DEE4 /* Attendee.swift in Sources */ = {isa = PBXBuildFile; fileRef = 01B8D40F2C474CDD00F5DEE4 /* Attendee.swift */; };
		01B8D4122C47B79500F5DEE4 /* ScrumEditView.swift in Sources */ = {isa = PBXBuildFile; fileRef = 01B8D4112C47B79500F5DEE4 /* ScrumEditView.swift */; };
		01B8D4142C48542B00F5DEE4 /* ThemeView.swift in Sources */ = {isa = PBXBuildFile; fileRef = 01B8D4132C48542B00F5DEE4 /* ThemeView.swift */; };
		01B8D4162C48596800F5DEE4 /* ThemePicker.swift in Sources */ = {isa = PBXBuildFile; fileRef = 01B8D4152C48596800F5DEE4 /* ThemePicker.swift */; };
		01B9D5B12C4E33D600FCAF67 /* HistoryView.swift in Sources */ = {isa = PBXBuildFile; fileRef = 01B9D5B02C4E33D600FCAF67 /* HistoryView.swift */; };
		01BD8BD12C48F98000495B53 /* MeetingHeaderView.swift in Sources */ = {isa = PBXBuildFile; fileRef = 01BD8BD02C48F98000495B53 /* MeetingHeaderView.swift */; };
		01BD8BD42C48FE5900495B53 /* ScrumProgressViewStyle.swift in Sources */ = {isa = PBXBuildFile; fileRef = 01BD8BD32C48FE5900495B53 /* ScrumProgressViewStyle.swift */; };
		01BD8BD62C4900F000495B53 /* ScrumTimer.swift in Sources */ = {isa = PBXBuildFile; fileRef = 01BD8BD52C4900F000495B53 /* ScrumTimer.swift */; };
		01BD8BD82C498D7900495B53 /* MeetingFooterView.swift in Sources */ = {isa = PBXBuildFile; fileRef = 01BD8BD72C498D7900495B53 /* MeetingFooterView.swift */; };
		01BD8BDA2C49A0F100495B53 /* ding.wav in Resources */ = {isa = PBXBuildFile; fileRef = 01BD8BD92C49A0F100495B53 /* ding.wav */; };
		01BD8BDD2C49A17500495B53 /* Extensions.swift in Sources */ = {isa = PBXBuildFile; fileRef = 01BD8BDC2C49A17500495B53 /* Extensions.swift */; };
		01BD8BDF2C49AB8E00495B53 /* NewScrumSheet.swift in Sources */ = {isa = PBXBuildFile; fileRef = 01BD8BDE2C49AB8E00495B53 /* NewScrumSheet.swift */; };
		01BD8BE12C49B60500495B53 /* History.swift in Sources */ = {isa = PBXBuildFile; fileRef = 01BD8BE02C49B60500495B53 /* History.swift */; };
		01BD8BE32C49DD5500495B53 /* ScrumController.swift in Sources */ = {isa = PBXBuildFile; fileRef = 01BD8BE22C49DD5500495B53 /* ScrumController.swift */; };
		01BEE54A2C40F79300C9C0D4 /* ScrumdingerApp.swift in Sources */ = {isa = PBXBuildFile; fileRef = 01BEE5492C40F79300C9C0D4 /* ScrumdingerApp.swift */; };
		01BEE54C2C40F79300C9C0D4 /* MeetingView.swift in Sources */ = {isa = PBXBuildFile; fileRef = 01BEE54B2C40F79300C9C0D4 /* MeetingView.swift */; };
		01BEE54E2C40F79400C9C0D4 /* Assets.xcassets in Resources */ = {isa = PBXBuildFile; fileRef = 01BEE54D2C40F79400C9C0D4 /* Assets.xcassets */; };
		01BEE5512C40F79400C9C0D4 /* Preview Assets.xcassets in Resources */ = {isa = PBXBuildFile; fileRef = 01BEE5502C40F79400C9C0D4 /* Preview Assets.xcassets */; };
/* End PBXBuildFile section */

/* Begin PBXFileReference section */
		0131E9B62C4C8BB700D3CE46 /* ErrorWrapper.swift */ = {isa = PBXFileReference; lastKnownFileType = sourcecode.swift; path = ErrorWrapper.swift; sourceTree = "<group>"; };
		0131E9B82C4C8DED00D3CE46 /* ErrorView.swift */ = {isa = PBXFileReference; lastKnownFileType = sourcecode.swift; path = ErrorView.swift; sourceTree = "<group>"; };
		0131E9BA2C4CDF9600D3CE46 /* MeetingTimerView.swift */ = {isa = PBXFileReference; lastKnownFileType = sourcecode.swift; path = MeetingTimerView.swift; sourceTree = "<group>"; };
		0131E9BC2C4CE5E000D3CE46 /* SpeakerArc.swift */ = {isa = PBXFileReference; lastKnownFileType = sourcecode.swift; path = SpeakerArc.swift; sourceTree = "<group>"; };
		0131E9BE2C4DB66000D3CE46 /* SpeechRecognizer.swift */ = {isa = PBXFileReference; fileEncoding = 4; lastKnownFileType = sourcecode.swift; path = SpeechRecognizer.swift; sourceTree = "<group>"; };
		01B8D4002C470C7A00F5DEE4 /* Theme.swift */ = {isa = PBXFileReference; lastKnownFileType = sourcecode.swift; path = Theme.swift; sourceTree = "<group>"; };
		01B8D4022C470F3E00F5DEE4 /* DailyScrum.swift */ = {isa = PBXFileReference; lastKnownFileType = sourcecode.swift; path = DailyScrum.swift; sourceTree = "<group>"; };
		01B8D4042C47103B00F5DEE4 /* CardView.swift */ = {isa = PBXFileReference; lastKnownFileType = sourcecode.swift; path = CardView.swift; sourceTree = "<group>"; };
		01B8D4092C471D2F00F5DEE4 /* TrailingIconLabelStyle.swift */ = {isa = PBXFileReference; lastKnownFileType = sourcecode.swift; path = TrailingIconLabelStyle.swift; sourceTree = "<group>"; };
		01B8D40B2C47372E00F5DEE4 /* ScrumList.swift */ = {isa = PBXFileReference; lastKnownFileType = sourcecode.swift; path = ScrumList.swift; sourceTree = "<group>"; };
		01B8D40D2C4747F900F5DEE4 /* ScrumDetail.swift */ = {isa = PBXFileReference; lastKnownFileType = sourcecode.swift; path = ScrumDetail.swift; sourceTree = "<group>"; };
		01B8D40F2C474CDD00F5DEE4 /* Attendee.swift */ = {isa = PBXFileReference; lastKnownFileType = sourcecode.swift; path = Attendee.swift; sourceTree = "<group>"; };
		01B8D4112C47B79500F5DEE4 /* ScrumEditView.swift */ = {isa = PBXFileReference; lastKnownFileType = sourcecode.swift; path = ScrumEditView.swift; sourceTree = "<group>"; };
		01B8D4132C48542B00F5DEE4 /* ThemeView.swift */ = {isa = PBXFileReference; lastKnownFileType = sourcecode.swift; path = ThemeView.swift; sourceTree = "<group>"; };
		01B8D4152C48596800F5DEE4 /* ThemePicker.swift */ = {isa = PBXFileReference; lastKnownFileType = sourcecode.swift; path = ThemePicker.swift; sourceTree = "<group>"; };
		01B9D5B02C4E33D600FCAF67 /* HistoryView.swift */ = {isa = PBXFileReference; fileEncoding = 4; lastKnownFileType = sourcecode.swift; path = HistoryView.swift; sourceTree = "<group>"; };
		01BD8BD02C48F98000495B53 /* MeetingHeaderView.swift */ = {isa = PBXFileReference; lastKnownFileType = sourcecode.swift; path = MeetingHeaderView.swift; sourceTree = "<group>"; };
		01BD8BD32C48FE5900495B53 /* ScrumProgressViewStyle.swift */ = {isa = PBXFileReference; lastKnownFileType = sourcecode.swift; path = ScrumProgressViewStyle.swift; sourceTree = "<group>"; };
		01BD8BD52C4900F000495B53 /* ScrumTimer.swift */ = {isa = PBXFileReference; lastKnownFileType = sourcecode.swift; path = ScrumTimer.swift; sourceTree = "<group>"; };
		01BD8BD72C498D7900495B53 /* MeetingFooterView.swift */ = {isa = PBXFileReference; lastKnownFileType = sourcecode.swift; path = MeetingFooterView.swift; sourceTree = "<group>"; };
		01BD8BD92C49A0F100495B53 /* ding.wav */ = {isa = PBXFileReference; lastKnownFileType = audio.wav; path = ding.wav; sourceTree = "<group>"; };
		01BD8BDC2C49A17500495B53 /* Extensions.swift */ = {isa = PBXFileReference; lastKnownFileType = sourcecode.swift; path = Extensions.swift; sourceTree = "<group>"; };
		01BD8BDE2C49AB8E00495B53 /* NewScrumSheet.swift */ = {isa = PBXFileReference; lastKnownFileType = sourcecode.swift; path = NewScrumSheet.swift; sourceTree = "<group>"; };
		01BD8BE02C49B60500495B53 /* History.swift */ = {isa = PBXFileReference; lastKnownFileType = sourcecode.swift; path = History.swift; sourceTree = "<group>"; };
		01BD8BE22C49DD5500495B53 /* ScrumController.swift */ = {isa = PBXFileReference; lastKnownFileType = sourcecode.swift; path = ScrumController.swift; sourceTree = "<group>"; };
		01BEE5462C40F79300C9C0D4 /* Scrumdinger.app */ = {isa = PBXFileReference; explicitFileType = wrapper.application; includeInIndex = 0; path = Scrumdinger.app; sourceTree = BUILT_PRODUCTS_DIR; };
		01BEE5492C40F79300C9C0D4 /* ScrumdingerApp.swift */ = {isa = PBXFileReference; lastKnownFileType = sourcecode.swift; path = ScrumdingerApp.swift; sourceTree = "<group>"; };
		01BEE54B2C40F79300C9C0D4 /* MeetingView.swift */ = {isa = PBXFileReference; lastKnownFileType = sourcecode.swift; path = MeetingView.swift; sourceTree = "<group>"; };
		01BEE54D2C40F79400C9C0D4 /* Assets.xcassets */ = {isa = PBXFileReference; lastKnownFileType = folder.assetcatalog; path = Assets.xcassets; sourceTree = "<group>"; };
		01BEE5502C40F79400C9C0D4 /* Preview Assets.xcassets */ = {isa = PBXFileReference; lastKnownFileType = folder.assetcatalog; path = "Preview Assets.xcassets"; sourceTree = "<group>"; };
/* End PBXFileReference section */

/* Begin PBXFrameworksBuildPhase section */
		01BEE5432C40F79300C9C0D4 /* Frameworks */ = {
			isa = PBXFrameworksBuildPhase;
			buildActionMask = 2147483647;
			files = (
			);
			runOnlyForDeploymentPostprocessing = 0;
		};
/* End PBXFrameworksBuildPhase section */

/* Begin PBXGroup section */
		01B8D4062C47104200F5DEE4 /* VIEWS */ = {
			isa = PBXGroup;
			children = (
				01B8D4182C48597B00F5DEE4 /* SCRUM VIEWS */,
				01B9D5AF2C4E33AB00FCAF67 /* HISTORY VIEWS */,
				01BD8BD22C48F98600495B53 /* MEETING VIEWS */,
				01B8D4172C48597100F5DEE4 /* THEME VIEWS */,
				01B8D4082C471CCD00F5DEE4 /* HELPER VIEWS */,
			);
			path = VIEWS;
			sourceTree = "<group>";
		};
		01B8D4072C47104A00F5DEE4 /* MODELS */ = {
			isa = PBXGroup;
			children = (
				0131E9BE2C4DB66000D3CE46 /* SpeechRecognizer.swift */,
				01B8D4002C470C7A00F5DEE4 /* Theme.swift */,
				01BD8BE02C49B60500495B53 /* History.swift */,
				01B8D4022C470F3E00F5DEE4 /* DailyScrum.swift */,
				01B8D40F2C474CDD00F5DEE4 /* Attendee.swift */,
				01BD8BD52C4900F000495B53 /* ScrumTimer.swift */,
				0131E9B62C4C8BB700D3CE46 /* ErrorWrapper.swift */,
				01BD8BE42C49DD6200495B53 /* MODEL CONTROLLERS */,
			);
			path = MODELS;
			sourceTree = "<group>";
		};
		01B8D4082C471CCD00F5DEE4 /* HELPER VIEWS */ = {
			isa = PBXGroup;
			children = (
				01BD8BD32C48FE5900495B53 /* ScrumProgressViewStyle.swift */,
				01B8D4092C471D2F00F5DEE4 /* TrailingIconLabelStyle.swift */,
				0131E9B82C4C8DED00D3CE46 /* ErrorView.swift */,
				0131E9BC2C4CE5E000D3CE46 /* SpeakerArc.swift */,
			);
			path = "HELPER VIEWS";
			sourceTree = "<group>";
		};
		01B8D4172C48597100F5DEE4 /* THEME VIEWS */ = {
			isa = PBXGroup;
			children = (
				01B8D4132C48542B00F5DEE4 /* ThemeView.swift */,
				01B8D4152C48596800F5DEE4 /* ThemePicker.swift */,
			);
			path = "THEME VIEWS";
			sourceTree = "<group>";
		};
		01B8D4182C48597B00F5DEE4 /* SCRUM VIEWS */ = {
			isa = PBXGroup;
			children = (
				01B8D40B2C47372E00F5DEE4 /* ScrumList.swift */,
				01B8D40D2C4747F900F5DEE4 /* ScrumDetail.swift */,
				01B8D4112C47B79500F5DEE4 /* ScrumEditView.swift */,
				01BD8BDE2C49AB8E00495B53 /* NewScrumSheet.swift */,
				01B8D4042C47103B00F5DEE4 /* CardView.swift */,
			);
			path = "SCRUM VIEWS";
			sourceTree = "<group>";
		};
		01B9D5AF2C4E33AB00FCAF67 /* HISTORY VIEWS */ = {
			isa = PBXGroup;
			children = (
				01B9D5B02C4E33D600FCAF67 /* HistoryView.swift */,
			);
			path = "HISTORY VIEWS";
			sourceTree = "<group>";
		};
		01BD8BD22C48F98600495B53 /* MEETING VIEWS */ = {
			isa = PBXGroup;
			children = (
				01BEE54B2C40F79300C9C0D4 /* MeetingView.swift */,
				01BD8BD02C48F98000495B53 /* MeetingHeaderView.swift */,
				01BD8BD72C498D7900495B53 /* MeetingFooterView.swift */,
				0131E9BA2C4CDF9600D3CE46 /* MeetingTimerView.swift */,
			);
			path = "MEETING VIEWS";
			sourceTree = "<group>";
		};
		01BD8BDB2C49A13300495B53 /* RESOURCES */ = {
			isa = PBXGroup;
			children = (
				01BD8BD92C49A0F100495B53 /* ding.wav */,
				01BD8BDC2C49A17500495B53 /* Extensions.swift */,
			);
			path = RESOURCES;
			sourceTree = "<group>";
		};
		01BD8BE42C49DD6200495B53 /* MODEL CONTROLLERS */ = {
			isa = PBXGroup;
			children = (
				01BD8BE22C49DD5500495B53 /* ScrumController.swift */,
			);
			path = "MODEL CONTROLLERS";
			sourceTree = "<group>";
		};
		01BEE53D2C40F79300C9C0D4 = {
			isa = PBXGroup;
			children = (
				01BEE5482C40F79300C9C0D4 /* Scrumdinger */,
				01BEE5472C40F79300C9C0D4 /* Products */,
			);
			sourceTree = "<group>";
		};
		01BEE5472C40F79300C9C0D4 /* Products */ = {
			isa = PBXGroup;
			children = (
				01BEE5462C40F79300C9C0D4 /* Scrumdinger.app */,
			);
			name = Products;
			sourceTree = "<group>";
		};
		01BEE5482C40F79300C9C0D4 /* Scrumdinger */ = {
			isa = PBXGroup;
			children = (
				01BEE5492C40F79300C9C0D4 /* ScrumdingerApp.swift */,
				01B8D4062C47104200F5DEE4 /* VIEWS */,
				01B8D4072C47104A00F5DEE4 /* MODELS */,
				01BD8BDB2C49A13300495B53 /* RESOURCES */,
				01BEE54D2C40F79400C9C0D4 /* Assets.xcassets */,
				01BEE54F2C40F79400C9C0D4 /* Preview Content */,
			);
			path = Scrumdinger;
			sourceTree = "<group>";
		};
		01BEE54F2C40F79400C9C0D4 /* Preview Content */ = {
			isa = PBXGroup;
			children = (
				01BEE5502C40F79400C9C0D4 /* Preview Assets.xcassets */,
			);
			path = "Preview Content";
			sourceTree = "<group>";
		};
/* End PBXGroup section */

/* Begin PBXNativeTarget section */
		01BEE5452C40F79300C9C0D4 /* Scrumdinger */ = {
			isa = PBXNativeTarget;
			buildConfigurationList = 01BEE5542C40F79400C9C0D4 /* Build configuration list for PBXNativeTarget "Scrumdinger" */;
			buildPhases = (
				01BEE5422C40F79300C9C0D4 /* Sources */,
				01BEE5432C40F79300C9C0D4 /* Frameworks */,
				01BEE5442C40F79300C9C0D4 /* Resources */,
			);
			buildRules = (
			);
			dependencies = (
			);
			name = Scrumdinger;
			productName = Scrumdinger;
			productReference = 01BEE5462C40F79300C9C0D4 /* Scrumdinger.app */;
			productType = "com.apple.product-type.application";
		};
/* End PBXNativeTarget section */

/* Begin PBXProject section */
		01BEE53E2C40F79300C9C0D4 /* Project object */ = {
			isa = PBXProject;
			attributes = {
				BuildIndependentTargetsInParallel = 1;
				LastSwiftUpdateCheck = 1540;
				LastUpgradeCheck = 1540;
				TargetAttributes = {
					01BEE5452C40F79300C9C0D4 = {
						CreatedOnToolsVersion = 15.4;
					};
				};
			};
			buildConfigurationList = 01BEE5412C40F79300C9C0D4 /* Build configuration list for PBXProject "Scrumdinger" */;
			compatibilityVersion = "Xcode 14.0";
			developmentRegion = en;
			hasScannedForEncodings = 0;
			knownRegions = (
				en,
				Base,
			);
			mainGroup = 01BEE53D2C40F79300C9C0D4;
			productRefGroup = 01BEE5472C40F79300C9C0D4 /* Products */;
			projectDirPath = "";
			projectRoot = "";
			targets = (
				01BEE5452C40F79300C9C0D4 /* Scrumdinger */,
			);
		};
/* End PBXProject section */

/* Begin PBXResourcesBuildPhase section */
		01BEE5442C40F79300C9C0D4 /* Resources */ = {
			isa = PBXResourcesBuildPhase;
			buildActionMask = 2147483647;
			files = (
				01BD8BDA2C49A0F100495B53 /* ding.wav in Resources */,
				01BEE5512C40F79400C9C0D4 /* Preview Assets.xcassets in Resources */,
				01BEE54E2C40F79400C9C0D4 /* Assets.xcassets in Resources */,
			);
			runOnlyForDeploymentPostprocessing = 0;
		};
/* End PBXResourcesBuildPhase section */

/* Begin PBXSourcesBuildPhase section */
		01BEE5422C40F79300C9C0D4 /* Sources */ = {
			isa = PBXSourcesBuildPhase;
			buildActionMask = 2147483647;
			files = (
				01B8D40C2C47372E00F5DEE4 /* ScrumList.swift in Sources */,
				01B8D4142C48542B00F5DEE4 /* ThemeView.swift in Sources */,
				01BD8BE12C49B60500495B53 /* History.swift in Sources */,
				01BD8BD42C48FE5900495B53 /* ScrumProgressViewStyle.swift in Sources */,
				01B8D40E2C4747F900F5DEE4 /* ScrumDetail.swift in Sources */,
				01B8D4032C470F3E00F5DEE4 /* DailyScrum.swift in Sources */,
				01BD8BE32C49DD5500495B53 /* ScrumController.swift in Sources */,
				01B9D5B12C4E33D600FCAF67 /* HistoryView.swift in Sources */,
				01BD8BD82C498D7900495B53 /* MeetingFooterView.swift in Sources */,
				01B8D40A2C471D2F00F5DEE4 /* TrailingIconLabelStyle.swift in Sources */,
				01BD8BDF2C49AB8E00495B53 /* NewScrumSheet.swift in Sources */,
				0131E9BF2C4DB66000D3CE46 /* SpeechRecognizer.swift in Sources */,
				01B8D4012C470C7A00F5DEE4 /* Theme.swift in Sources */,
				01BD8BD12C48F98000495B53 /* MeetingHeaderView.swift in Sources */,
				0131E9BD2C4CE5E000D3CE46 /* SpeakerArc.swift in Sources */,
				01BEE54C2C40F79300C9C0D4 /* MeetingView.swift in Sources */,
				01BD8BD62C4900F000495B53 /* ScrumTimer.swift in Sources */,
				0131E9BB2C4CDF9600D3CE46 /* MeetingTimerView.swift in Sources */,
				01B8D4102C474CDD00F5DEE4 /* Attendee.swift in Sources */,
				0131E9B72C4C8BB700D3CE46 /* ErrorWrapper.swift in Sources */,
				01B8D4122C47B79500F5DEE4 /* ScrumEditView.swift in Sources */,
				01B8D4162C48596800F5DEE4 /* ThemePicker.swift in Sources */,
				01BD8BDD2C49A17500495B53 /* Extensions.swift in Sources */,
				01BEE54A2C40F79300C9C0D4 /* ScrumdingerApp.swift in Sources */,
				01B8D4052C47103B00F5DEE4 /* CardView.swift in Sources */,
				0131E9B92C4C8DED00D3CE46 /* ErrorView.swift in Sources */,
			);
			runOnlyForDeploymentPostprocessing = 0;
		};
/* End PBXSourcesBuildPhase section */

/* Begin XCBuildConfiguration section */
		01BEE5522C40F79400C9C0D4 /* Debug */ = {
			isa = XCBuildConfiguration;
			buildSettings = {
				ALWAYS_SEARCH_USER_PATHS = NO;
				ASSETCATALOG_COMPILER_GENERATE_SWIFT_ASSET_SYMBOL_EXTENSIONS = YES;
				CLANG_ANALYZER_NONNULL = YES;
				CLANG_ANALYZER_NUMBER_OBJECT_CONVERSION = YES_AGGRESSIVE;
				CLANG_CXX_LANGUAGE_STANDARD = "gnu++20";
				CLANG_ENABLE_MODULES = YES;
				CLANG_ENABLE_OBJC_ARC = YES;
				CLANG_ENABLE_OBJC_WEAK = YES;
				CLANG_WARN_BLOCK_CAPTURE_AUTORELEASING = YES;
				CLANG_WARN_BOOL_CONVERSION = YES;
				CLANG_WARN_COMMA = YES;
				CLANG_WARN_CONSTANT_CONVERSION = YES;
				CLANG_WARN_DEPRECATED_OBJC_IMPLEMENTATIONS = YES;
				CLANG_WARN_DIRECT_OBJC_ISA_USAGE = YES_ERROR;
				CLANG_WARN_DOCUMENTATION_COMMENTS = YES;
				CLANG_WARN_EMPTY_BODY = YES;
				CLANG_WARN_ENUM_CONVERSION = YES;
				CLANG_WARN_INFINITE_RECURSION = YES;
				CLANG_WARN_INT_CONVERSION = YES;
				CLANG_WARN_NON_LITERAL_NULL_CONVERSION = YES;
				CLANG_WARN_OBJC_IMPLICIT_RETAIN_SELF = YES;
				CLANG_WARN_OBJC_LITERAL_CONVERSION = YES;
				CLANG_WARN_OBJC_ROOT_CLASS = YES_ERROR;
				CLANG_WARN_QUOTED_INCLUDE_IN_FRAMEWORK_HEADER = YES;
				CLANG_WARN_RANGE_LOOP_ANALYSIS = YES;
				CLANG_WARN_STRICT_PROTOTYPES = YES;
				CLANG_WARN_SUSPICIOUS_MOVE = YES;
				CLANG_WARN_UNGUARDED_AVAILABILITY = YES_AGGRESSIVE;
				CLANG_WARN_UNREACHABLE_CODE = YES;
				CLANG_WARN__DUPLICATE_METHOD_MATCH = YES;
				COPY_PHASE_STRIP = NO;
				DEBUG_INFORMATION_FORMAT = dwarf;
				ENABLE_STRICT_OBJC_MSGSEND = YES;
				ENABLE_TESTABILITY = YES;
				ENABLE_USER_SCRIPT_SANDBOXING = YES;
				GCC_C_LANGUAGE_STANDARD = gnu17;
				GCC_DYNAMIC_NO_PIC = NO;
				GCC_NO_COMMON_BLOCKS = YES;
				GCC_OPTIMIZATION_LEVEL = 0;
				GCC_PREPROCESSOR_DEFINITIONS = (
					"DEBUG=1",
					"$(inherited)",
				);
				GCC_WARN_64_TO_32_BIT_CONVERSION = YES;
				GCC_WARN_ABOUT_RETURN_TYPE = YES_ERROR;
				GCC_WARN_UNDECLARED_SELECTOR = YES;
				GCC_WARN_UNINITIALIZED_AUTOS = YES_AGGRESSIVE;
				GCC_WARN_UNUSED_FUNCTION = YES;
				GCC_WARN_UNUSED_VARIABLE = YES;
				IPHONEOS_DEPLOYMENT_TARGET = 17.5;
				LOCALIZATION_PREFERS_STRING_CATALOGS = YES;
				MTL_ENABLE_DEBUG_INFO = INCLUDE_SOURCE;
				MTL_FAST_MATH = YES;
				ONLY_ACTIVE_ARCH = YES;
				SDKROOT = iphoneos;
				SWIFT_ACTIVE_COMPILATION_CONDITIONS = "DEBUG $(inherited)";
				SWIFT_OPTIMIZATION_LEVEL = "-Onone";
			};
			name = Debug;
		};
		01BEE5532C40F79400C9C0D4 /* Release */ = {
			isa = XCBuildConfiguration;
			buildSettings = {
				ALWAYS_SEARCH_USER_PATHS = NO;
				ASSETCATALOG_COMPILER_GENERATE_SWIFT_ASSET_SYMBOL_EXTENSIONS = YES;
				CLANG_ANALYZER_NONNULL = YES;
				CLANG_ANALYZER_NUMBER_OBJECT_CONVERSION = YES_AGGRESSIVE;
				CLANG_CXX_LANGUAGE_STANDARD = "gnu++20";
				CLANG_ENABLE_MODULES = YES;
				CLANG_ENABLE_OBJC_ARC = YES;
				CLANG_ENABLE_OBJC_WEAK = YES;
				CLANG_WARN_BLOCK_CAPTURE_AUTORELEASING = YES;
				CLANG_WARN_BOOL_CONVERSION = YES;
				CLANG_WARN_COMMA = YES;
				CLANG_WARN_CONSTANT_CONVERSION = YES;
				CLANG_WARN_DEPRECATED_OBJC_IMPLEMENTATIONS = YES;
				CLANG_WARN_DIRECT_OBJC_ISA_USAGE = YES_ERROR;
				CLANG_WARN_DOCUMENTATION_COMMENTS = YES;
				CLANG_WARN_EMPTY_BODY = YES;
				CLANG_WARN_ENUM_CONVERSION = YES;
				CLANG_WARN_INFINITE_RECURSION = YES;
				CLANG_WARN_INT_CONVERSION = YES;
				CLANG_WARN_NON_LITERAL_NULL_CONVERSION = YES;
				CLANG_WARN_OBJC_IMPLICIT_RETAIN_SELF = YES;
				CLANG_WARN_OBJC_LITERAL_CONVERSION = YES;
				CLANG_WARN_OBJC_ROOT_CLASS = YES_ERROR;
				CLANG_WARN_QUOTED_INCLUDE_IN_FRAMEWORK_HEADER = YES;
				CLANG_WARN_RANGE_LOOP_ANALYSIS = YES;
				CLANG_WARN_STRICT_PROTOTYPES = YES;
				CLANG_WARN_SUSPICIOUS_MOVE = YES;
				CLANG_WARN_UNGUARDED_AVAILABILITY = YES_AGGRESSIVE;
				CLANG_WARN_UNREACHABLE_CODE = YES;
				CLANG_WARN__DUPLICATE_METHOD_MATCH = YES;
				COPY_PHASE_STRIP = NO;
				DEBUG_INFORMATION_FORMAT = "dwarf-with-dsym";
				ENABLE_NS_ASSERTIONS = NO;
				ENABLE_STRICT_OBJC_MSGSEND = YES;
				ENABLE_USER_SCRIPT_SANDBOXING = YES;
				GCC_C_LANGUAGE_STANDARD = gnu17;
				GCC_NO_COMMON_BLOCKS = YES;
				GCC_WARN_64_TO_32_BIT_CONVERSION = YES;
				GCC_WARN_ABOUT_RETURN_TYPE = YES_ERROR;
				GCC_WARN_UNDECLARED_SELECTOR = YES;
				GCC_WARN_UNINITIALIZED_AUTOS = YES_AGGRESSIVE;
				GCC_WARN_UNUSED_FUNCTION = YES;
				GCC_WARN_UNUSED_VARIABLE = YES;
				IPHONEOS_DEPLOYMENT_TARGET = 17.5;
				LOCALIZATION_PREFERS_STRING_CATALOGS = YES;
				MTL_ENABLE_DEBUG_INFO = NO;
				MTL_FAST_MATH = YES;
				SDKROOT = iphoneos;
				SWIFT_COMPILATION_MODE = wholemodule;
				VALIDATE_PRODUCT = YES;
			};
			name = Release;
		};
		01BEE5552C40F79400C9C0D4 /* Debug */ = {
			isa = XCBuildConfiguration;
			buildSettings = {
				ASSETCATALOG_COMPILER_APPICON_NAME = AppIcon;
				ASSETCATALOG_COMPILER_GLOBAL_ACCENT_COLOR_NAME = AccentColor;
				CODE_SIGN_STYLE = Automatic;
				CURRENT_PROJECT_VERSION = 1;
				DEVELOPMENT_ASSET_PATHS = "\"Scrumdinger/Preview Content\"";
				DEVELOPMENT_TEAM = B9KMJ3NRM7;
				ENABLE_PREVIEWS = YES;
				GENERATE_INFOPLIST_FILE = YES;
				INFOPLIST_KEY_NSMicrophoneUsageDescription = "“Audio is recorded to transcribe the meeting. Audio recordings are discarded after transcription.”";
				INFOPLIST_KEY_NSSpeechRecognitionUsageDescription = "\"You can view a text transcription of your meeting in the app.\"";
				INFOPLIST_KEY_UIApplicationSceneManifest_Generation = YES;
				INFOPLIST_KEY_UIApplicationSupportsIndirectInputEvents = YES;
				INFOPLIST_KEY_UILaunchScreen_Generation = YES;
				INFOPLIST_KEY_UISupportedInterfaceOrientations_iPad = "UIInterfaceOrientationPortrait UIInterfaceOrientationPortraitUpsideDown UIInterfaceOrientationLandscapeLeft UIInterfaceOrientationLandscapeRight";
				INFOPLIST_KEY_UISupportedInterfaceOrientations_iPhone = "UIInterfaceOrientationPortrait UIInterfaceOrientationLandscapeLeft UIInterfaceOrientationLandscapeRight";
				LD_RUNPATH_SEARCH_PATHS = (
					"$(inherited)",
					"@executable_path/Frameworks",
				);
				MARKETING_VERSION = 1.0;
				PRODUCT_BUNDLE_IDENTIFIER = com.mottapplications.Scrumdinger;
				PRODUCT_NAME = "$(TARGET_NAME)";
				SWIFT_EMIT_LOC_STRINGS = YES;
				SWIFT_VERSION = 5.0;
				TARGETED_DEVICE_FAMILY = "1,2";
			};
			name = Debug;
		};
		01BEE5562C40F79400C9C0D4 /* Release */ = {
			isa = XCBuildConfiguration;
			buildSettings = {
				ASSETCATALOG_COMPILER_APPICON_NAME = AppIcon;
				ASSETCATALOG_COMPILER_GLOBAL_ACCENT_COLOR_NAME = AccentColor;
				CODE_SIGN_STYLE = Automatic;
				CURRENT_PROJECT_VERSION = 1;
				DEVELOPMENT_ASSET_PATHS = "\"Scrumdinger/Preview Content\"";
				DEVELOPMENT_TEAM = B9KMJ3NRM7;
				ENABLE_PREVIEWS = YES;
				GENERATE_INFOPLIST_FILE = YES;
				INFOPLIST_KEY_NSMicrophoneUsageDescription = "“Audio is recorded to transcribe the meeting. Audio recordings are discarded after transcription.”";
				INFOPLIST_KEY_NSSpeechRecognitionUsageDescription = "\"You can view a text transcription of your meeting in the app.\"";
				INFOPLIST_KEY_UIApplicationSceneManifest_Generation = YES;
				INFOPLIST_KEY_UIApplicationSupportsIndirectInputEvents = YES;
				INFOPLIST_KEY_UILaunchScreen_Generation = YES;
				INFOPLIST_KEY_UISupportedInterfaceOrientations_iPad = "UIInterfaceOrientationPortrait UIInterfaceOrientationPortraitUpsideDown UIInterfaceOrientationLandscapeLeft UIInterfaceOrientationLandscapeRight";
				INFOPLIST_KEY_UISupportedInterfaceOrientations_iPhone = "UIInterfaceOrientationPortrait UIInterfaceOrientationLandscapeLeft UIInterfaceOrientationLandscapeRight";
				LD_RUNPATH_SEARCH_PATHS = (
					"$(inherited)",
					"@executable_path/Frameworks",
				);
				MARKETING_VERSION = 1.0;
				PRODUCT_BUNDLE_IDENTIFIER = com.mottapplications.Scrumdinger;
				PRODUCT_NAME = "$(TARGET_NAME)";
				SWIFT_EMIT_LOC_STRINGS = YES;
				SWIFT_VERSION = 5.0;
				TARGETED_DEVICE_FAMILY = "1,2";
			};
			name = Release;
		};
/* End XCBuildConfiguration section */

/* Begin XCConfigurationList section */
		01BEE5412C40F79300C9C0D4 /* Build configuration list for PBXProject "Scrumdinger" */ = {
			isa = XCConfigurationList;
			buildConfigurations = (
				01BEE5522C40F79400C9C0D4 /* Debug */,
				01BEE5532C40F79400C9C0D4 /* Release */,
			);
			defaultConfigurationIsVisible = 0;
			defaultConfigurationName = Release;
		};
		01BEE5542C40F79400C9C0D4 /* Build configuration list for PBXNativeTarget "Scrumdinger" */ = {
			isa = XCConfigurationList;
			buildConfigurations = (
				01BEE5552C40F79400C9C0D4 /* Debug */,
				01BEE5562C40F79400C9C0D4 /* Release */,
			);
			defaultConfigurationIsVisible = 0;
			defaultConfigurationName = Release;
		};
/* End XCConfigurationList section */
	};
	rootObject = 01BEE53E2C40F79300C9C0D4 /* Project object */;
}
